{
    "_meta": {
        "hash": {
            "sha256": "61dfc1275b0211f72248b3cb7c7dc3e1b7c97380a1e5ebcc595e0338804d0fc5"
        },
        "pipfile-spec": 6,
        "requires": {
            "python_version": "3.8"
        },
        "sources": [
            {
                "name": "pypi",
                "url": "https://pypi.org/simple",
                "verify_ssl": true
            }
        ]
    },
    "default": {
        "pygame": {
            "hashes": [
                "sha256:0227728f2ef751fac43b89f4bcc5c65ce39c855b2a3391ddf2e6024dd667e6bd",
                "sha256:02a26b3be6cc478f18f4efa506ee5a585f68350857ac5e68e187301e943e3d6d",
                "sha256:0d2f80b501aacd74a660d4422793ea1cd4e209bee385aac18d0a07bd671511ee",
                "sha256:15d4e42214f93d8c60120e16b690ad03da7f0b3b66f75db8966bccf8c66c4690",
                "sha256:232e51104db0e573221660d172af8e6fc2c0fda183c5dbf2aa52170f29aa9ec9",
                "sha256:2bfefabe78bda7a1bfba253cbe2131038402ce2b32e4218feeba6431fe429abb",
                "sha256:32cb64627c2eb5c4c067ffe614e08ccb8987d096100d225e070dddce05725b63",
                "sha256:3804476fab6ec7230aa817ee5c3b378ba956321fdd5f91f51c97452c588869d2",
                "sha256:38b5a43ab02c162501e62b857ff2cb128076b0786dd4e1d8bea63db8326f9da1",
                "sha256:3d5a76fa826202182d989e8399fca0c3c163fbb4f8ece773e77955a7a62cbed3",
                "sha256:472b81ba6b61ffe5879ac3d0da2e5cb235e0e4da471ad4038f013a7710ab53ab",
                "sha256:49e5fb589a86169aa95b83d3429ee034799792374e13dbc0da83091d86365a4b",
                "sha256:4ab5aba8677d135b94c4714e8256efdfffefc164f354a4d05b846588caf43b99",
                "sha256:4eff1db92d53dc2e49ed832dd6c76530e1e2b5954eef091f6af41b41d2d5c3ac",
                "sha256:4f73058569573af12c8181e032745f11d85f0799510965d938b1f16c7f13afcb",
                "sha256:53c6fa767e3eef52d403eda5d032e48b6040ccce03fbd64af2f71843168118da",
                "sha256:594234050b50b57c538842155dc3095c9d4f994266325adb4dd008aee526157f",
                "sha256:59a5461ef317e4d233d1bb5ce63311ccad3e911a652bda159d3922351050158c",
                "sha256:5a3edc8211d0cf39d1e4d7ded1a0727c53aeb21205963f184199521708bbb05c",
                "sha256:5d36d530a8994c5bb8889816981f82b7942d8ec7651ca1d922d01302c1feecd2",
                "sha256:5eb3dede55d005adea8504f8c9230b9dc2c84c1c728efe93a9718fa1af824dc8",
                "sha256:646e871ff5ab7f933cde5ea2bff7b6cd74d7369f43e84a291baebe00bb9a8f6f",
                "sha256:64ec45215c2cfc4051bb0f58d26aee3b50a39b1b0a2e6fe8417bb352a6443aad",
                "sha256:692fe4498c353d663d45d05354fb47c9f6bf324d10b53844b9ed7f60e6c8cefa",
                "sha256:6efa3fa472acb97c784224b59a89e80da6231f0dbf54df8442ffa3352c0534d6",
                "sha256:70a11eec9bae6e8970c5bc4b3d0908eb2c42d4bd4ed488e41e49774b7cb41f57",
                "sha256:7281366b4ebd7f16eac8ec6a6e2adb4c729beda178ea82637d9981e93dd40c9b",
                "sha256:7a305dcf44f03a8dd7baefb97dc24949d7e719fd686cd3211121639aec4ce464",
                "sha256:847b4bc22edb1d77c992b5d56b19e1ab52e14687adb8bc3ed12a8a98fbd7e1ff",
                "sha256:85844714f82a5379100825473b1a7b24192b4a944aed3128da9386e26adc3bed",
                "sha256:86c66b917afc6330a91ac8c7169c36c77ec536578d1d7724644d41f904e2d146",
                "sha256:88a2dabe617e6173003b65762c636947719da3e2d881a4ea47298e8d70886386",
                "sha256:9284e76923777c21b8bea19d8528be9cd62d0915139ed3c3cde6c43f849466f5",
                "sha256:987c0d5fcd7737c31b35df06f78932c48eeff2c97473001e224fdebd3292b2db",
                "sha256:9a81d057a7dea95850e44118f141a892fde93c938ccb08fbc5dd7f1a26c2f1fe",
                "sha256:9b2ad10ffaa226ca40ae229143b0a118426aff42e2459b626d355846c59a765d",
                "sha256:a0842458b49257ab539b7b6622a242cabcddcb61178b8ae074aaceb890be75b6",
                "sha256:a0ab3e4763e0cebf08c55154f4167cdae3683674604a71e1437123225f2a9b36",
                "sha256:ada3d33e7e6907d5c3bf771dc58c47ee6994a1e28fed55e4f8f8b817367beb8f",
                "sha256:add546fcbf8954f00647f5e7d595ab9389f6a7542a99fc5dca514e14fd799773",
                "sha256:b0e405fdde643f14d60c2dd140f110a5a38f588396a8b61a1a86374f25cba589",
                "sha256:b0e96c0f68f6bb88da216765920c6dbc55ae83e70435d8ebac87d271fc058646",
                "sha256:b400edd7391972e75b4243113089d6ea10b032e1306e8721efabb36d33c2d0f2",
                "sha256:b545634f96132af1d31dcb873cf03a9c4a5654ae39d9ee126db0b2eba2806788",
                "sha256:ba5bf655c892bbf4a9bafb4fcbc4c71023cc9a65f0cae0f3eba09a11018a858e",
                "sha256:bb55368d455ab9518b97febd33a8d417988397b019c9408993be034e0b5a7db6",
                "sha256:c1eb91198fc47c2e4fdc19c544b5d94534a70fd877f5c342228feb05e9fc4bef",
                "sha256:c28c6f764aa03a0245db12346f1da327c6f49bcc20e53aefec6eed57e4fbe1ce",
                "sha256:c6ee571995527e779b46cafee7ebef2dceb1a9c375143828e019293ff0efa167",
                "sha256:c84a93e6d33dafce9e25080ac557342333e15ef7e378ba84cb6181c52a8fd663",
                "sha256:d4061ac4e81bb36ec8f0a7027582c1c4dd32a939882e008165627103cb0b3985",
                "sha256:d5c62fbdb30082f7e1dcfa253da48e7b4be7342d275b34b2efa51f6cffc5942b",
                "sha256:e533f4bf9dc1a91cfd608b9bfb028c6a92383e731c502660933f0f9b812045a6",
                "sha256:e9368c105a8bccc8adfe7fd7fa5220d2b6c03979a3a57a8178c42f6fa9914ebc",
                "sha256:f628f9f26c8dadf72fabc9ae0ce5fe7f60d76be71a3407abc756b4d1fd030fa0",
                "sha256:f8379052cfbc278b11e31bc97f2e7f5998959c50837c4d54f4e424a541e0c5d9",
                "sha256:fad7b5351931cb68d19d7ecc0b21021fe23237d8fba8c455b5af4a79e1c7c536",
                "sha256:fdd488daa4ad33748d5ea806e311bfe01b9cc506def5288400072fcd66d226cf"
            ],
            "index": "pypi",
            "version": "==2.1.0"
        }
    },
    "develop": {
        "altgraph": {
            "hashes": [
                "sha256:743628f2ac6a7c26f5d9223c91ed8ecbba535f506f4b6f558885a8a56a105857",
                "sha256:ebf2269361b47d97b3b88e696439f6e4cbc607c17c51feb1754f90fb79839158"
            ],
            "version": "==0.17.2"
        },
        "pyinstaller": {
            "hashes": [
                "sha256:0fe1fdd6851663d378e85692709506d5d7c6dfc59105315ab78ba99dac689ca3",
                "sha256:351bd218799f6253dd195c7c138b29eab96b4b1b805df2ed03f49c30343764c5",
                "sha256:3ba0dc50f8951f3c9ab4536b452f8c126ff18ff8439aa77b7e0a1b81a18c7ccf",
                "sha256:3bb837a925162518ec58f0b704c36b9c79b92f30df2fe083ddf63175de1eedcb",
                "sha256:3ff8be1da3ee971c33d3ce072dcb499658206761e0d36c38d6b83acc838d2a78",
                "sha256:72e3995ae182de2e37625a1debe1d0877a85039fe1fcda062891cfa07606072a",
                "sha256:b67c9d2844b1a47c0a83dee879ba9fe8ca4f0f076483ab279cdec4a05be8510e",
                "sha256:be2ae2aa554604eb467d02b7ac91f2f59d72a3f45ddfa2718c2e3ae9c850793c",
                "sha256:c4b3976e6891f1b46ec8baecc8a9888fc71a92178a1ee67c7c5bcb35acf6990d"
            ],
            "index": "pypi",
            "version": "==4.6"
        },
        "pyinstaller-hooks-contrib": {
            "hashes": [
                "sha256:169b09802a19f83593114821d6ba0416a05c7071ef0ca394f7bfb7e2c0c916c8",
                "sha256:a52bc3834281266bbf77239cfc9521923336ca622f44f90924546ed6c6d3ad5e"
            ],
            "version": "==2021.3"
        }
    }
}
